
Microsoft Visual Studio Solution File, Format Version 12.00
# Visual Studio Version 16
VisualStudioVersion = 16.0.31624.102
MinimumVisualStudioVersion = 10.0.40219.1
Project("{FAE04EC0-301F-11D3-BF4B-00C04F79EFBC}") = "Lab_2", "Lab_2.csproj", "{07B1BF86-DF72-4DC7-96A5-D214254012CE}"
EndProject
Global
	GlobalSection(SolutionConfigurationPlatforms) = preSolution
		Debug|Any CPU = Debug|Any CPU
		Release|Any CPU = Release|Any CPU
	EndGlobalSection
	GlobalSection(ProjectConfigurationPlatforms) = postSolution
		{07B1BF86-DF72-4DC7-96A5-D214254012CE}.Debug|Any CPU.ActiveCfg = Debug|Any CPU
		{07B1BF86-DF72-4DC7-96A5-D214254012CE}.Debug|Any CPU.Build.0 = Debug|Any CPU
		{07B1BF86-DF72-4DC7-96A5-D214254012CE}.Release|Any CPU.ActiveCfg = Release|Any CPU
		{07B1BF86-DF72-4DC7-96A5-D214254012CE}.Release|Any CPU.Build.0 = Release|Any CPU
	EndGlobalSection
	GlobalSection(SolutionProperties) = preSolution
		HideSolutionNode = FALSE
	EndGlobalSection
	GlobalSection(ExtensibilityGlobals) = postSolution
		SolutionGuid = {E8F242B9-5725-453A-B828-6BA99F392CDD}
	EndGlobalSection
EndGlobal
